
Microsoft Visual Studio Solution File, Format Version 12.00
# Visual Studio Version 17
VisualStudioVersion = 17.3.32922.545
MinimumVisualStudioVersion = 10.0.40219.1
Project("{FAE04EC0-301F-11D3-BF4B-00C04F79EFBC}") = "Pair", "Pair\Pair.csproj", "{DB446101-97D2-4759-A176-868B4A83E952}"
EndProject
Global
	GlobalSection(SolutionConfigurationPlatforms) = preSolution
		Debug|Any CPU = Debug|Any CPU
		Release|Any CPU = Release|Any CPU
	EndGlobalSection
	GlobalSection(ProjectConfigurationPlatforms) = postSolution
		{DB446101-97D2-4759-A176-868B4A83E952}.Debug|Any CPU.ActiveCfg = Debug|Any CPU
		{DB446101-97D2-4759-A176-868B4A83E952}.Debug|Any CPU.Build.0 = Debug|Any CPU
		{DB446101-97D2-4759-A176-868B4A83E952}.Release|Any CPU.ActiveCfg = Release|Any CPU
		{DB446101-97D2-4759-A176-868B4A83E952}.Release|Any CPU.Build.0 = Release|Any CPU
	EndGlobalSection
	GlobalSection(SolutionProperties) = preSolution
		HideSolutionNode = FALSE
	EndGlobalSection
	GlobalSection(ExtensibilityGlobals) = postSolution
		SolutionGuid = {697E79E6-81D9-4052-83CE-78E5935554D6}
	EndGlobalSection
EndGlobal
