
Microsoft Visual Studio Solution File, Format Version 12.00
# Visual Studio Version 17
VisualStudioVersion = 17.3.32922.545
MinimumVisualStudioVersion = 10.0.40219.1
Project("{9A19103F-16F7-4668-BE54-9A1E7A4F7556}") = "Sequence", "Kursusgang8\Sequence.csproj", "{74C3DCF5-9C84-4FCD-903A-A6A5E04560EA}"
EndProject
Project("{9A19103F-16F7-4668-BE54-9A1E7A4F7556}") = "RandomNumbers", "RandomNumbers\RandomNumbers.csproj", "{2D6FB5D6-72D2-49A7-8BDD-3366A18CB0E2}"
EndProject
Project("{9A19103F-16F7-4668-BE54-9A1E7A4F7556}") = "SortedList", "SortedList\SortedList.csproj", "{949B5311-0AC0-4E11-8CF1-E093D599AD8D}"
EndProject
Project("{9A19103F-16F7-4668-BE54-9A1E7A4F7556}") = "NumbersLinq", "NumbersLinq\NumbersLinq.csproj", "{5B130E31-CD92-4AA5-AAAB-DEFBBFC13F7B}"
EndProject
Project("{9A19103F-16F7-4668-BE54-9A1E7A4F7556}") = "ComplexQueries", "ComplexQueries\ComplexQueries.csproj", "{04D26675-E1AB-4BE9-8F5A-ACB37B30CB2D}"
EndProject
Project("{FAE04EC0-301F-11D3-BF4B-00C04F79EFBC}") = "QueryMotervehicles", "QueryMotervehicles\QueryMotervehicles.csproj", "{C1863AD3-D898-420F-882B-186AEE283995}"
EndProject
Global
	GlobalSection(SolutionConfigurationPlatforms) = preSolution
		Debug|Any CPU = Debug|Any CPU
		Release|Any CPU = Release|Any CPU
	EndGlobalSection
	GlobalSection(ProjectConfigurationPlatforms) = postSolution
		{74C3DCF5-9C84-4FCD-903A-A6A5E04560EA}.Debug|Any CPU.ActiveCfg = Debug|Any CPU
		{74C3DCF5-9C84-4FCD-903A-A6A5E04560EA}.Debug|Any CPU.Build.0 = Debug|Any CPU
		{74C3DCF5-9C84-4FCD-903A-A6A5E04560EA}.Release|Any CPU.ActiveCfg = Release|Any CPU
		{74C3DCF5-9C84-4FCD-903A-A6A5E04560EA}.Release|Any CPU.Build.0 = Release|Any CPU
		{2D6FB5D6-72D2-49A7-8BDD-3366A18CB0E2}.Debug|Any CPU.ActiveCfg = Debug|Any CPU
		{2D6FB5D6-72D2-49A7-8BDD-3366A18CB0E2}.Debug|Any CPU.Build.0 = Debug|Any CPU
		{2D6FB5D6-72D2-49A7-8BDD-3366A18CB0E2}.Release|Any CPU.ActiveCfg = Release|Any CPU
		{2D6FB5D6-72D2-49A7-8BDD-3366A18CB0E2}.Release|Any CPU.Build.0 = Release|Any CPU
		{949B5311-0AC0-4E11-8CF1-E093D599AD8D}.Debug|Any CPU.ActiveCfg = Debug|Any CPU
		{949B5311-0AC0-4E11-8CF1-E093D599AD8D}.Debug|Any CPU.Build.0 = Debug|Any CPU
		{949B5311-0AC0-4E11-8CF1-E093D599AD8D}.Release|Any CPU.ActiveCfg = Release|Any CPU
		{949B5311-0AC0-4E11-8CF1-E093D599AD8D}.Release|Any CPU.Build.0 = Release|Any CPU
		{5B130E31-CD92-4AA5-AAAB-DEFBBFC13F7B}.Debug|Any CPU.ActiveCfg = Debug|Any CPU
		{5B130E31-CD92-4AA5-AAAB-DEFBBFC13F7B}.Debug|Any CPU.Build.0 = Debug|Any CPU
		{5B130E31-CD92-4AA5-AAAB-DEFBBFC13F7B}.Release|Any CPU.ActiveCfg = Release|Any CPU
		{5B130E31-CD92-4AA5-AAAB-DEFBBFC13F7B}.Release|Any CPU.Build.0 = Release|Any CPU
		{04D26675-E1AB-4BE9-8F5A-ACB37B30CB2D}.Debug|Any CPU.ActiveCfg = Debug|Any CPU
		{04D26675-E1AB-4BE9-8F5A-ACB37B30CB2D}.Debug|Any CPU.Build.0 = Debug|Any CPU
		{04D26675-E1AB-4BE9-8F5A-ACB37B30CB2D}.Release|Any CPU.ActiveCfg = Release|Any CPU
		{04D26675-E1AB-4BE9-8F5A-ACB37B30CB2D}.Release|Any CPU.Build.0 = Release|Any CPU
		{C1863AD3-D898-420F-882B-186AEE283995}.Debug|Any CPU.ActiveCfg = Debug|Any CPU
		{C1863AD3-D898-420F-882B-186AEE283995}.Debug|Any CPU.Build.0 = Debug|Any CPU
		{C1863AD3-D898-420F-882B-186AEE283995}.Release|Any CPU.ActiveCfg = Release|Any CPU
		{C1863AD3-D898-420F-882B-186AEE283995}.Release|Any CPU.Build.0 = Release|Any CPU
	EndGlobalSection
	GlobalSection(SolutionProperties) = preSolution
		HideSolutionNode = FALSE
	EndGlobalSection
	GlobalSection(ExtensibilityGlobals) = postSolution
		SolutionGuid = {F044E650-CB76-42AD-9B0B-547B3261D249}
	EndGlobalSection
EndGlobal
