
Microsoft Visual Studio Solution File, Format Version 12.00
# Visual Studio Version 17
VisualStudioVersion = 17.3.32825.248
MinimumVisualStudioVersion = 10.0.40219.1
Project("{FAE04EC0-301F-11D3-BF4B-00C04F79EFBC}") = "Opg1", "Opg1\Opg1.csproj", "{8276C1DD-C8E5-4466-A36F-9DEAE4772D67}"
EndProject
Global
	GlobalSection(SolutionConfigurationPlatforms) = preSolution
		Debug|Any CPU = Debug|Any CPU
		Release|Any CPU = Release|Any CPU
	EndGlobalSection
	GlobalSection(ProjectConfigurationPlatforms) = postSolution
		{8276C1DD-C8E5-4466-A36F-9DEAE4772D67}.Debug|Any CPU.ActiveCfg = Debug|Any CPU
		{8276C1DD-C8E5-4466-A36F-9DEAE4772D67}.Debug|Any CPU.Build.0 = Debug|Any CPU
		{8276C1DD-C8E5-4466-A36F-9DEAE4772D67}.Release|Any CPU.ActiveCfg = Release|Any CPU
		{8276C1DD-C8E5-4466-A36F-9DEAE4772D67}.Release|Any CPU.Build.0 = Release|Any CPU
	EndGlobalSection
	GlobalSection(SolutionProperties) = preSolution
		HideSolutionNode = FALSE
	EndGlobalSection
	GlobalSection(ExtensibilityGlobals) = postSolution
		SolutionGuid = {D15FF990-A8AA-4249-B27A-98EAC7EA8712}
	EndGlobalSection
EndGlobal
