
Microsoft Visual Studio Solution File, Format Version 12.00
# Visual Studio Version 17
VisualStudioVersion = 17.3.32922.545
MinimumVisualStudioVersion = 10.0.40219.1
Project("{FAE04EC0-301F-11D3-BF4B-00C04F79EFBC}") = "CarIgnition", "CarIgnition\CarIgnition.csproj", "{702726BA-031F-4BA5-9FA5-47B64A14697F}"
EndProject
Global
	GlobalSection(SolutionConfigurationPlatforms) = preSolution
		Debug|Any CPU = Debug|Any CPU
		Release|Any CPU = Release|Any CPU
	EndGlobalSection
	GlobalSection(ProjectConfigurationPlatforms) = postSolution
		{702726BA-031F-4BA5-9FA5-47B64A14697F}.Debug|Any CPU.ActiveCfg = Debug|Any CPU
		{702726BA-031F-4BA5-9FA5-47B64A14697F}.Debug|Any CPU.Build.0 = Debug|Any CPU
		{702726BA-031F-4BA5-9FA5-47B64A14697F}.Release|Any CPU.ActiveCfg = Release|Any CPU
		{702726BA-031F-4BA5-9FA5-47B64A14697F}.Release|Any CPU.Build.0 = Release|Any CPU
	EndGlobalSection
	GlobalSection(SolutionProperties) = preSolution
		HideSolutionNode = FALSE
	EndGlobalSection
	GlobalSection(ExtensibilityGlobals) = postSolution
		SolutionGuid = {D0E53875-08D7-4B15-AD58-098B1532CA70}
	EndGlobalSection
EndGlobal
